// !$*UTF8*$!
{
	archiveVersion = 1;
	classes = {
	};
	objectVersion = 48;
	objects = {

/* Begin PBXBuildFile section */
		0085D822207EF33E00C942E8 /* Square.swift in Sources */ = {isa = PBXBuildFile; fileRef = 0085D821207EF33E00C942E8 /* Square.swift */; };
		00C65DAB207C3F2B00FF8AA1 /* AppDelegate.swift in Sources */ = {isa = PBXBuildFile; fileRef = 00C65DAA207C3F2B00FF8AA1 /* AppDelegate.swift */; };
		00C65DAD207C3F2B00FF8AA1 /* ViewController.swift in Sources */ = {isa = PBXBuildFile; fileRef = 00C65DAC207C3F2B00FF8AA1 /* ViewController.swift */; };
		00C65DB0207C3F2B00FF8AA1 /* Main.storyboard in Resources */ = {isa = PBXBuildFile; fileRef = 00C65DAE207C3F2B00FF8AA1 /* Main.storyboard */; };
		00C65DB2207C3F2B00FF8AA1 /* Assets.xcassets in Resources */ = {isa = PBXBuildFile; fileRef = 00C65DB1207C3F2B00FF8AA1 /* Assets.xcassets */; };
		00C65DB5207C3F2B00FF8AA1 /* LaunchScreen.storyboard in Resources */ = {isa = PBXBuildFile; fileRef = 00C65DB3207C3F2B00FF8AA1 /* LaunchScreen.storyboard */; };
/* End PBXBuildFile section */

/* Begin PBXFileReference section */
		0085D821207EF33E00C942E8 /* Square.swift */ = {isa = PBXFileReference; lastKnownFileType = sourcecode.swift; path = Square.swift; sourceTree = "<group>"; };
		00C65DA7207C3F2B00FF8AA1 /* ConstraintsProgrammaticTest.app */ = {isa = PBXFileReference; explicitFileType = wrapper.application; includeInIndex = 0; path = ConstraintsProgrammaticTest.app; sourceTree = BUILT_PRODUCTS_DIR; };
		00C65DAA207C3F2B00FF8AA1 /* AppDelegate.swift */ = {isa = PBXFileReference; lastKnownFileType = sourcecode.swift; path = AppDelegate.swift; sourceTree = "<group>"; };
		00C65DAC207C3F2B00FF8AA1 /* ViewController.swift */ = {isa = PBXFileReference; lastKnownFileType = sourcecode.swift; path = ViewController.swift; sourceTree = "<group>"; };
		00C65DAF207C3F2B00FF8AA1 /* Base */ = {isa = PBXFileReference; lastKnownFileType = file.storyboard; name = Base; path = Base.lproj/Main.storyboard; sourceTree = "<group>"; };
		00C65DB1207C3F2B00FF8AA1 /* Assets.xcassets */ = {isa = PBXFileReference; lastKnownFileType = folder.assetcatalog; path = Assets.xcassets; sourceTree = "<group>"; };
		00C65DB4207C3F2B00FF8AA1 /* Base */ = {isa = PBXFileReference; lastKnownFileType = file.storyboard; name = Base; path = Base.lproj/LaunchScreen.storyboard; sourceTree = "<group>"; };
		00C65DB6207C3F2B00FF8AA1 /* Info.plist */ = {isa = PBXFileReference; lastKnownFileType = text.plist.xml; path = Info.plist; sourceTree = "<group>"; };
/* End PBXFileReference section */

/* Begin PBXFrameworksBuildPhase section */
		00C65DA4207C3F2B00FF8AA1 /* Frameworks */ = {
			isa = PBXFrameworksBuildPhase;
			buildActionMask = 2147483647;
			files = (
			);
			runOnlyForDeploymentPostprocessing = 0;
		};
/* End PBXFrameworksBuildPhase section */

/* Begin PBXGroup section */
		00C65D9E207C3F2B00FF8AA1 = {
			isa = PBXGroup;
			children = (
				00C65DA9207C3F2B00FF8AA1 /* ConstraintsProgrammaticTest */,
				00C65DA8207C3F2B00FF8AA1 /* Products */,
			);
			sourceTree = "<group>";
		};
		00C65DA8207C3F2B00FF8AA1 /* Products */ = {
			isa = PBXGroup;
			children = (
				00C65DA7207C3F2B00FF8AA1 /* ConstraintsProgrammaticTest.app */,
			);
			name = Products;
			sourceTree = "<group>";
		};
		00C65DA9207C3F2B00FF8AA1 /* ConstraintsProgrammaticTest */ = {
			isa = PBXGroup;
			children = (
				00C65DAA207C3F2B00FF8AA1 /* AppDelegate.swift */,
				0085D821207EF33E00C942E8 /* Square.swift */,
				00C65DAC207C3F2B00FF8AA1 /* ViewController.swift */,
				00C65DAE207C3F2B00FF8AA1 /* Main.storyboard */,
				00C65DB1207C3F2B00FF8AA1 /* Assets.xcassets */,
				00C65DB3207C3F2B00FF8AA1 /* LaunchScreen.storyboard */,
				00C65DB6207C3F2B00FF8AA1 /* Info.plist */,
			);
			path = ConstraintsProgrammaticTest;
			sourceTree = "<group>";
		};
/* End PBXGroup section */

/* Begin PBXNativeTarget section */
		00C65DA6207C3F2B00FF8AA1 /* ConstraintsProgrammaticTest */ = {
			isa = PBXNativeTarget;
			buildConfigurationList = 00C65DB9207C3F2B00FF8AA1 /* Build configuration list for PBXNativeTarget "ConstraintsProgrammaticTest" */;
			buildPhases = (
				00C65DA3207C3F2B00FF8AA1 /* Sources */,
				00C65DA4207C3F2B00FF8AA1 /* Frameworks */,
				00C65DA5207C3F2B00FF8AA1 /* Resources */,
			);
			buildRules = (
			);
			dependencies = (
			);
			name = ConstraintsProgrammaticTest;
			productName = ConstraintsProgrammaticTest;
			productReference = 00C65DA7207C3F2B00FF8AA1 /* ConstraintsProgrammaticTest.app */;
			productType = "com.apple.product-type.application";
		};
/* End PBXNativeTarget section */

/* Begin PBXProject section */
		00C65D9F207C3F2B00FF8AA1 /* Project object */ = {
			isa = PBXProject;
			attributes = {
				LastSwiftUpdateCheck = 0920;
				LastUpgradeCheck = 0920;
				ORGANIZATIONNAME = "Emiko Clark";
				TargetAttributes = {
					00C65DA6207C3F2B00FF8AA1 = {
						CreatedOnToolsVersion = 9.2;
						ProvisioningStyle = Automatic;
					};
				};
			};
			buildConfigurationList = 00C65DA2207C3F2B00FF8AA1 /* Build configuration list for PBXProject "ConstraintsProgrammaticTest" */;
			compatibilityVersion = "Xcode 8.0";
			developmentRegion = en;
			hasScannedForEncodings = 0;
			knownRegions = (
				en,
				Base,
			);
			mainGroup = 00C65D9E207C3F2B00FF8AA1;
			productRefGroup = 00C65DA8207C3F2B00FF8AA1 /* Products */;
			projectDirPath = "";
			projectRoot = "";
			targets = (
				00C65DA6207C3F2B00FF8AA1 /* ConstraintsProgrammaticTest */,
			);
		};
/* End PBXProject section */

/* Begin PBXResourcesBuildPhase section */
		00C65DA5207C3F2B00FF8AA1 /* Resources */ = {
			isa = PBXResourcesBuildPhase;
			buildActionMask = 2147483647;
			files = (
				00C65DB5207C3F2B00FF8AA1 /* LaunchScreen.storyboard in Resources */,
				00C65DB2207C3F2B00FF8AA1 /* Assets.xcassets in Resources */,
				00C65DB0207C3F2B00FF8AA1 /* Main.storyboard in Resources */,
			);
			runOnlyForDeploymentPostprocessing = 0;
		};
/* End PBXResourcesBuildPhase section */

/* Begin PBXSourcesBuildPhase section */
		00C65DA3207C3F2B00FF8AA1 /* Sources */ = {
			isa = PBXSourcesBuildPhase;
			buildActionMask = 2147483647;
			files = (
				0085D822207EF33E00C942E8 /* Square.swift in Sources */,
				00C65DAD207C3F2B00FF8AA1 /* ViewController.swift in Sources */,
				00C65DAB207C3F2B00FF8AA1 /* AppDelegate.swift in Sources */,
			);
			runOnlyForDeploymentPostprocessing = 0;
		};
/* End PBXSourcesBuildPhase section */

/* Begin PBXVariantGroup section */
		00C65DAE207C3F2B00FF8AA1 /* Main.storyboard */ = {
			isa = PBXVariantGroup;
			children = (
				00C65DAF207C3F2B00FF8AA1 /* Base */,
			);
			name = Main.storyboard;
			sourceTree = "<group>";
		};
		00C65DB3207C3F2B00FF8AA1 /* LaunchScreen.storyboard */ = {
			isa = PBXVariantGroup;
			children = (
				00C65DB4207C3F2B00FF8AA1 /* Base */,
			);
			name = LaunchScreen.storyboard;
			sourceTree = "<group>";
		};
/* End PBXVariantGroup section */

/* Begin XCBuildConfiguration section */
		00C65DB7207C3F2B00FF8AA1 /* Debug */ = {
			isa = XCBuildConfiguration;
			buildSettings = {
				ALWAYS_SEARCH_USER_PATHS = NO;
				CLANG_ANALYZER_NONNULL = YES;
				CLANG_ANALYZER_NUMBER_OBJECT_CONVERSION = YES_AGGRESSIVE;
				CLANG_CXX_LANGUAGE_STANDARD = "gnu++14";
				CLANG_CXX_LIBRARY = "libc++";
				CLANG_ENABLE_MODULES = YES;
				CLANG_ENABLE_OBJC_ARC = YES;
				CLANG_WARN_BLOCK_CAPTURE_AUTORELEASING = YES;
				CLANG_WARN_BOOL_CONVERSION = YES;
				CLANG_WARN_COMMA = YES;
				CLANG_WARN_CONSTANT_CONVERSION = YES;
				CLANG_WARN_DIRECT_OBJC_ISA_USAGE = YES_ERROR;
				CLANG_WARN_DOCUMENTATION_COMMENTS = YES;
				CLANG_WARN_EMPTY_BODY = YES;
				CLANG_WARN_ENUM_CONVERSION = YES;
				CLANG_WARN_INFINITE_RECURSION = YES;
				CLANG_WARN_INT_CONVERSION = YES;
				CLANG_WARN_NON_LITERAL_NULL_CONVERSION = YES;
				CLANG_WARN_OBJC_LITERAL_CONVERSION = YES;
				CLANG_WARN_OBJC_ROOT_CLASS = YES_ERROR;
				CLANG_WARN_RANGE_LOOP_ANALYSIS = YES;
				CLANG_WARN_STRICT_PROTOTYPES = YES;
				CLANG_WARN_SUSPICIOUS_MOVE = YES;
				CLANG_WARN_UNGUARDED_AVAILABILITY = YES_AGGRESSIVE;
				CLANG_WARN_UNREACHABLE_CODE = YES;
				CLANG_WARN__DUPLICATE_METHOD_MATCH = YES;
				CODE_SIGN_IDENTITY = "iPhone Developer";
				COPY_PHASE_STRIP = NO;
				DEBUG_INFORMATION_FORMAT = dwarf;
				ENABLE_STRICT_OBJC_MSGSEND = YES;
				ENABLE_TESTABILITY = YES;
				GCC_C_LANGUAGE_STANDARD = gnu11;
				GCC_DYNAMIC_NO_PIC = NO;
				GCC_NO_COMMON_BLOCKS = YES;
				GCC_OPTIMIZATION_LEVEL = 0;
				GCC_PREPROCESSOR_DEFINITIONS = (
					"DEBUG=1",
					"$(inherited)",
				);
				GCC_WARN_64_TO_32_BIT_CONVERSION = YES;
				GCC_WARN_ABOUT_RETURN_TYPE = YES_ERROR;
				GCC_WARN_UNDECLARED_SELECTOR = YES;
				GCC_WARN_UNINITIALIZED_AUTOS = YES_AGGRESSIVE;
				GCC_WARN_UNUSED_FUNCTION = YES;
				GCC_WARN_UNUSED_VARIABLE = YES;
				IPHONEOS_DEPLOYMENT_TARGET = 11.2;
				MTL_ENABLE_DEBUG_INFO = YES;
				ONLY_ACTIVE_ARCH = YES;
				SDKROOT = iphoneos;
				SWIFT_ACTIVE_COMPILATION_CONDITIONS = DEBUG;
				SWIFT_OPTIMIZATION_LEVEL = "-Onone";
			};
			name = Debug;
		};
		00C65DB8207C3F2B00FF8AA1 /* Release */ = {
			isa = XCBuildConfiguration;
			buildSettings = {
				ALWAYS_SEARCH_USER_PATHS = NO;
				CLANG_ANALYZER_NONNULL = YES;
				CLANG_ANALYZER_NUMBER_OBJECT_CONVERSION = YES_AGGRESSIVE;
				CLANG_CXX_LANGUAGE_STANDARD = "gnu++14";
				CLANG_CXX_LIBRARY = "libc++";
				CLANG_ENABLE_MODULES = YES;
				CLANG_ENABLE_OBJC_ARC = YES;
				CLANG_WARN_BLOCK_CAPTURE_AUTORELEASING = YES;
				CLANG_WARN_BOOL_CONVERSION = YES;
				CLANG_WARN_COMMA = YES;
				CLANG_WARN_CONSTANT_CONVERSION = YES;
				CLANG_WARN_DIRECT_OBJC_ISA_USAGE = YES_ERROR;
				CLANG_WARN_DOCUMENTATION_COMMENTS = YES;
				CLANG_WARN_EMPTY_BODY = YES;
				CLANG_WARN_ENUM_CONVERSION = YES;
				CLANG_WARN_INFINITE_RECURSION = YES;
				CLANG_WARN_INT_CONVERSION = YES;
				CLANG_WARN_NON_LITERAL_NULL_CONVERSION = YES;
				CLANG_WARN_OBJC_LITERAL_CONVERSION = YES;
				CLANG_WARN_OBJC_ROOT_CLASS = YES_ERROR;
				CLANG_WARN_RANGE_LOOP_ANALYSIS = YES;
				CLANG_WARN_STRICT_PROTOTYPES = YES;
				CLANG_WARN_SUSPICIOUS_MOVE = YES;
				CLANG_WARN_UNGUARDED_AVAILABILITY = YES_AGGRESSIVE;
				CLANG_WARN_UNREACHABLE_CODE = YES;
				CLANG_WARN__DUPLICATE_METHOD_MATCH = YES;
				CODE_SIGN_IDENTITY = "iPhone Developer";
				COPY_PHASE_STRIP = NO;
				DEBUG_INFORMATION_FORMAT = "dwarf-with-dsym";
				ENABLE_NS_ASSERTIONS = NO;
				ENABLE_STRICT_OBJC_MSGSEND = YES;
				GCC_C_LANGUAGE_STANDARD = gnu11;
				GCC_NO_COMMON_BLOCKS = YES;
				GCC_WARN_64_TO_32_BIT_CONVERSION = YES;
				GCC_WARN_ABOUT_RETURN_TYPE = YES_ERROR;
				GCC_WARN_UNDECLARED_SELECTOR = YES;
				GCC_WARN_UNINITIALIZED_AUTOS = YES_AGGRESSIVE;
				GCC_WARN_UNUSED_FUNCTION = YES;
				GCC_WARN_UNUSED_VARIABLE = YES;
				IPHONEOS_DEPLOYMENT_TARGET = 11.2;
				MTL_ENABLE_DEBUG_INFO = NO;
				SDKROOT = iphoneos;
				SWIFT_OPTIMIZATION_LEVEL = "-Owholemodule";
				VALIDATE_PRODUCT = YES;
			};
			name = Release;
		};
		00C65DBA207C3F2B00FF8AA1 /* Debug */ = {
			isa = XCBuildConfiguration;
			buildSettings = {
				ASSETCATALOG_COMPILER_APPICON_NAME = AppIcon;
				CODE_SIGN_STYLE = Automatic;
				DEVELOPMENT_TEAM = X9KW2SQ39Q;
				INFOPLIST_FILE = ConstraintsProgrammaticTest/Info.plist;
				LD_RUNPATH_SEARCH_PATHS = "$(inherited) @executable_path/Frameworks";
				PRODUCT_BUNDLE_IDENTIFIER = com.emikoclark.ConstraintsProgrammaticTest;
				PRODUCT_NAME = "$(TARGET_NAME)";
				SWIFT_VERSION = 4.0;
				TARGETED_DEVICE_FAMILY = "1,2";
			};
			name = Debug;
		};
		00C65DBB207C3F2B00FF8AA1 /* Release */ = {
			isa = XCBuildConfiguration;
			buildSettings = {
				ASSETCATALOG_COMPILER_APPICON_NAME = AppIcon;
				CODE_SIGN_STYLE = Automatic;
				DEVELOPMENT_TEAM = X9KW2SQ39Q;
				INFOPLIST_FILE = ConstraintsProgrammaticTest/Info.plist;
				LD_RUNPATH_SEARCH_PATHS = "$(inherited) @executable_path/Frameworks";
				PRODUCT_BUNDLE_IDENTIFIER = com.emikoclark.ConstraintsProgrammaticTest;
				PRODUCT_NAME = "$(TARGET_NAME)";
				SWIFT_VERSION = 4.0;
				TARGETED_DEVICE_FAMILY = "1,2";
			};
			name = Release;
		};
/* End XCBuildConfiguration section */

/* Begin XCConfigurationList section */
		00C65DA2207C3F2B00FF8AA1 /* Build configuration list for PBXProject "ConstraintsProgrammaticTest" */ = {
			isa = XCConfigurationList;
			buildConfigurations = (
				00C65DB7207C3F2B00FF8AA1 /* Debug */,
				00C65DB8207C3F2B00FF8AA1 /* Release */,
			);
			defaultConfigurationIsVisible = 0;
			defaultConfigurationName = Release;
		};
		00C65DB9207C3F2B00FF8AA1 /* Build configuration list for PBXNativeTarget "ConstraintsProgrammaticTest" */ = {
			isa = XCConfigurationList;
			buildConfigurations = (
				00C65DBA207C3F2B00FF8AA1 /* Debug */,
				00C65DBB207C3F2B00FF8AA1 /* Release */,
			);
			defaultConfigurationIsVisible = 0;
			defaultConfigurationName = Release;
		};
/* End XCConfigurationList section */
	};
	rootObject = 00C65D9F207C3F2B00FF8AA1 /* Project object */;
}
